{"payload":{"allShortcutsEnabled":true,"fileTree":{"hw01_hello_otus":{"items":[{"name":"README.md","path":"hw01_hello_otus/README.md","contentType":"file"},{"name":"go.mod","path":"hw01_hello_otus/go.mod","contentType":"file"},{"name":"go.sum","path":"hw01_hello_otus/go.sum","contentType":"file"},{"name":"main.go","path":"hw01_hello_otus/main.go","contentType":"file"},{"name":"test.sh","path":"hw01_hello_otus/test.sh","contentType":"file"}],"totalCount":5},"":{"items":[{"name":".github","path":".github","contentType":"directory"},{"name":".scripts","path":".scripts","contentType":"directory"},{"name":"hw01_hello_otus","path":"hw01_hello_otus","contentType":"directory"},{"name":"hw02_unpack_string","path":"hw02_unpack_string","contentType":"directory"},{"name":"hw03_frequency_analysis","path":"hw03_frequency_analysis","contentType":"directory"},{"name":"hw04_lru_cache","path":"hw04_lru_cache","contentType":"directory"},{"name":"hw05_parallel_execution","path":"hw05_parallel_execution","contentType":"directory"},{"name":"hw06_pipeline_execution","path":"hw06_pipeline_execution","contentType":"directory"},{"name":"hw07_file_copying","path":"hw07_file_copying","contentType":"directory"},{"name":"hw08_envdir_tool","path":"hw08_envdir_tool","contentType":"directory"},{"name":"hw09_struct_validator","path":"hw09_struct_validator","contentType":"directory"},{"name":"hw10_program_optimization","path":"hw10_program_optimization","contentType":"directory"},{"name":"hw11_telnet_client","path":"hw11_telnet_client","contentType":"directory"},{"name":"hw12_13_14_15_calendar","path":"hw12_13_14_15_calendar","contentType":"directory"},{"name":"img","path":"img","contentType":"directory"},{"name":".gitignore","path":".gitignore","contentType":"file"},{"name":".golangci.yml","path":".golangci.yml","contentType":"file"},{"name":"LICENSE","path":"LICENSE","contentType":"file"},{"name":"README.md","path":"README.md","contentType":"file"}],"totalCount":19}},"fileTreeProcessingTime":7.358962999999999,"foldersToFetch":[],"reducedMotionEnabled":"system","repo":{"id":673443276,"defaultBranch":"master","name":"hw_golang","ownerLogin":"IskenT","currentUserCanPush":true,"isFork":false,"isEmpty":false,"createdAt":"2023-08-01T22:25:13.000+06:00","ownerAvatar":"https://avatars.githubusercontent.com/u/99380637?v=4","public":true,"private":false,"isOrgOwned":false},"refInfo":{"name":"master","listCacheKey":"v0:1691515941.0","canEdit":true,"refType":"branch","currentOid":"a8dcf9bb6f33a447c3e2ca9b20b4743743c24cb7"},"path":"hw01_hello_otus/go.sum","currentUser":{"id":99380637,"login":"IskenT","userEmail":"turanov2901@gmail.com"},"blob":{"rawLines":["golang.org/x/example/hello v0.0.0-20230731220321-19299f6048bb h1:f6ZJ7geLtn1wdlwAcJJm9bE/Hc3I0cOmB/ekXf1mmsc=","golang.org/x/example/hello v0.0.0-20230731220321-19299f6048bb/go.mod h1:UhUKOXx5fMcLZxwL20DUrWWBBoRYG9Jvc8FiwZhRHCI="],"stylingDirectives":[[{"start":0,"end":26,"cssClass":"pl-s"},{"start":27,"end":61,"cssClass":"pl-c1"},{"start":65,"end":108,"cssClass":"pl-s"}],[{"start":0,"end":26,"cssClass":"pl-s"},{"start":27,"end":61,"cssClass":"pl-c1"},{"start":61,"end":68,"cssClass":"pl-s"},{"start":72,"end":115,"cssClass":"pl-s"}]],"csv":null,"csvError":null,"dependabotInfo":{"showConfigurationBanner":null,"configFilePath":null,"networkDependabotPath":"/IskenT/hw_golang/network/updates","dismissConfigurationNoticePath":"/settings/dismiss-notice/dependabot_configuration_notice","configurationNoticeDismissed":false,"repoAlertsPath":"/IskenT/hw_golang/security/dependabot","repoSecurityAndAnalysisPath":"/IskenT/hw_golang/settings/security_analysis","repoOwnerIsOrg":false,"currentUserCanAdminRepo":true},"displayName":"go.sum","displayUrl":"https://github.com/IskenT/hw_golang/blob/master/hw01_hello_otus/go.sum?raw=true","headerInfo":{"blobSize":"227 Bytes","deleteInfo":{"deleteTooltip":"Delete this file"},"editInfo":{"editTooltip":"Edit this file"},"ghDesktopPath":"x-github-client://openRepo/https://github.com/IskenT/hw_golang?branch=master&filepath=hw01_hello_otus%2Fgo.sum","gitLfsPath":null,"onBranch":true,"shortPath":"3f2a0d0","siteNavLoginPath":"/login?return_to=https%3A%2F%2Fgithub.com%2FIskenT%2Fhw_golang%2Fblob%2Fmaster%2Fhw01_hello_otus%2Fgo.sum","isCSV":false,"isRichtext":false,"toc":null,"lineInfo":{"truncatedLoc":"2","truncatedSloc":"2"},"mode":"file"},"image":false,"isCodeownersFile":null,"isValidLegacyIssueTemplate":false,"issueTemplateHelpUrl":"https://docs.github.com/articles/about-issue-and-pull-request-templates","issueTemplate":null,"discussionTemplate":null,"language":"Go Checksums","languageID":1054391671,"large":false,"loggedIn":true,"newDiscussionPath":"/IskenT/hw_golang/discussions/new","newIssuePath":"/IskenT/hw_golang/issues/new","planSupportInfo":{"repoIsFork":null,"repoOwnedByCurrentUser":null,"requestFullPath":"/IskenT/hw_golang/blob/master/hw01_hello_otus/go.sum","showFreeOrgGatedFeatureMessage":null,"showPlanSupportBanner":null,"upgradeDataAttributes":null,"upgradePath":null},"publishBannersInfo":{"dismissActionNoticePath":"/settings/dismiss-notice/publish_action_from_dockerfile","dismissStackNoticePath":"/settings/dismiss-notice/publish_stack_from_file","releasePath":"/IskenT/hw_golang/releases/new?marketplace=true","showPublishActionBanner":false,"showPublishStackBanner":false},"renderImageOrRaw":false,"richText":null,"renderedFileInfo":null,"tabSize":8,"topBannersInfo":{"overridingGlobalFundingFile":false,"globalPreferredFundingPath":null,"repoOwner":"IskenT","repoName":"hw_golang","showInvalidCitationWarning":false,"citationHelpUrl":"https://docs.github.com/en/github/creating-cloning-and-archiving-repositories/creating-a-repository-on-github/about-citation-files","showDependabotConfigurationBanner":null,"actionsOnboardingTip":null},"truncated":false,"viewable":true,"workflowRedirectUrl":null,"symbols":{"timedOut":false,"notAnalyzed":true,"symbols":[]}},"copilotInfo":{"notices":{"codeViewPopover":{}},"userAccess":{"accessAllowed":false,"hasSubscriptionEnded":false,"orgHasCFBAccess":false,"userHasCFIAccess":false,"userHasOrgs":false,"userIsOrgAdmin":false,"userIsOrgMember":false,"business":null,"featureRequestInfo":null}},"csrf_tokens":{"/IskenT/hw_golang/branches":{"post":"S_dTG-gR8IZGQ6Vc8qKCL3d6cqXnsdz-HP81BUq7K28jvSLPchweMx9OpWxgyAIcWloiFI-9Ju_23rd1D2oEBQ"}}},"title":"hw_golang/hw01_hello_otus/go.sum at master · IskenT/hw_golang"}